PODS:
  - ARTiledImageView (1.1.1):
    - SDWebImage
  - Expecta (0.2.4)
  - EXPMatchers+FBSnapshotTest (1.1.0):
    - Expecta
    - FBSnapshotTestCase
  - FBSnapshotTestCase (1.1)
  - SDWebImage (3.6):
    - SDWebImage/Core
  - SDWebImage/Core (3.6)
  - Specta (0.2.1)

DEPENDENCIES:
  - ARTiledImageView (from `ARTiledImageView.podspec`)
  - Expecta (= 0.2.4)
  - EXPMatchers+FBSnapshotTest (= 1.1)
  - FBSnapshotTestCase (= 1.1)
  - Specta (= 0.2.1)

EXTERNAL SOURCES:
  ARTiledImageView:
    :path: ARTiledImageView.podspec

SPEC CHECKSUMS:
  ARTiledImageView: e96697ceb54eb113433551748b8695d36b598ba8
  Expecta: 112bcafa2304ee0f3c5e586505f24555a47b25d5
  EXPMatchers+FBSnapshotTest: fcc428d6a5d4410c1711aeda4456c9c5e93f98d3
  FBSnapshotTestCase: 9053afee1d66b4c7c313fcb0ae582a5e47bea9d0
  SDWebImage: c6989652c1cdf27cbdf3f56957e2030f825af5bc
  Specta: 9141310f46b1f68b676650ff2854e1ed0b74163a

COCOAPODS: 0.33.1
