// !$*UTF8*$!
{
	archiveVersion = 1;
	classes = {
	};
	objectVersion = 46;
	objects = {

/* Begin PBXBuildFile section */
		3C51ADC118D4BA1C00B3F53F /* Foundation.framework in Frameworks */ = {isa = PBXBuildFile; fileRef = 3C51ADC018D4BA1C00B3F53F /* Foundation.framework */; };
		3C51ADC318D4BA1C00B3F53F /* CoreGraphics.framework in Frameworks */ = {isa = PBXBuildFile; fileRef = 3C51ADC218D4BA1C00B3F53F /* CoreGraphics.framework */; };
		3C51ADC518D4BA1C00B3F53F /* UIKit.framework in Frameworks */ = {isa = PBXBuildFile; fileRef = 3C51ADC418D4BA1C00B3F53F /* UIKit.framework */; };
		3C51ADCB18D4BA1C00B3F53F /* InfoPlist.strings in Resources */ = {isa = PBXBuildFile; fileRef = 3C51ADC918D4BA1C00B3F53F /* InfoPlist.strings */; };
		3C51ADCD18D4BA1C00B3F53F /* main.m in Sources */ = {isa = PBXBuildFile; fileRef = 3C51ADCC18D4BA1C00B3F53F /* main.m */; };
		3C51ADD118D4BA1C00B3F53F /* ARAppDelegate.m in Sources */ = {isa = PBXBuildFile; fileRef = 3C51ADD018D4BA1C00B3F53F /* ARAppDelegate.m */; };
		3C51ADD418D4BA1C00B3F53F /* Main.storyboard in Resources */ = {isa = PBXBuildFile; fileRef = 3C51ADD218D4BA1C00B3F53F /* Main.storyboard */; };
		3C51ADD718D4BA1C00B3F53F /* ARViewController.m in Sources */ = {isa = PBXBuildFile; fileRef = 3C51ADD618D4BA1C00B3F53F /* ARViewController.m */; };
		3C51ADD918D4BA1C00B3F53F /* Images.xcassets in Resources */ = {isa = PBXBuildFile; fileRef = 3C51ADD818D4BA1C00B3F53F /* Images.xcassets */; };
		3C51ADE018D4BA1C00B3F53F /* XCTest.framework in Frameworks */ = {isa = PBXBuildFile; fileRef = 3C51ADDF18D4BA1C00B3F53F /* XCTest.framework */; };
		3C51ADE118D4BA1C00B3F53F /* Foundation.framework in Frameworks */ = {isa = PBXBuildFile; fileRef = 3C51ADC018D4BA1C00B3F53F /* Foundation.framework */; };
		3C51ADE218D4BA1C00B3F53F /* UIKit.framework in Frameworks */ = {isa = PBXBuildFile; fileRef = 3C51ADC418D4BA1C00B3F53F /* UIKit.framework */; };
		3C51ADEA18D4BA1C00B3F53F /* InfoPlist.strings in Resources */ = {isa = PBXBuildFile; fileRef = 3C51ADE818D4BA1C00B3F53F /* InfoPlist.strings */; };
		3C51ADF618D4C27300B3F53F /* ARTiledImageTests.m in Sources */ = {isa = PBXBuildFile; fileRef = 3C51ADF518D4C27300B3F53F /* ARTiledImageTests.m */; };
		6AC3FCD1C8FF4D899C2EED68 /* libPods.a in Frameworks */ = {isa = PBXBuildFile; fileRef = CD1172BC69714C03915FDAF0 /* libPods.a */; };
		7A757C4323204C72A62D10BA /* libPods-DemoTests.a in Frameworks */ = {isa = PBXBuildFile; fileRef = 6D3E67AF14E041F6AED6071A /* libPods-DemoTests.a */; };
/* End PBXBuildFile section */

/* Begin PBXContainerItemProxy section */
		3C51ADE318D4BA1C00B3F53F /* PBXContainerItemProxy */ = {
			isa = PBXContainerItemProxy;
			containerPortal = 3C51ADB518D4BA1C00B3F53F /* Project object */;
			proxyType = 1;
			remoteGlobalIDString = 3C51ADBC18D4BA1C00B3F53F;
			remoteInfo = Demo;
		};
/* End PBXContainerItemProxy section */

/* Begin PBXFileReference section */
		3C51ADBD18D4BA1C00B3F53F /* Demo.app */ = {isa = PBXFileReference; explicitFileType = wrapper.application; includeInIndex = 0; path = Demo.app; sourceTree = BUILT_PRODUCTS_DIR; };
		3C51ADC018D4BA1C00B3F53F /* Foundation.framework */ = {isa = PBXFileReference; lastKnownFileType = wrapper.framework; name = Foundation.framework; path = System/Library/Frameworks/Foundation.framework; sourceTree = SDKROOT; };
		3C51ADC218D4BA1C00B3F53F /* CoreGraphics.framework */ = {isa = PBXFileReference; lastKnownFileType = wrapper.framework; name = CoreGraphics.framework; path = System/Library/Frameworks/CoreGraphics.framework; sourceTree = SDKROOT; };
		3C51ADC418D4BA1C00B3F53F /* UIKit.framework */ = {isa = PBXFileReference; lastKnownFileType = wrapper.framework; name = UIKit.framework; path = System/Library/Frameworks/UIKit.framework; sourceTree = SDKROOT; };
		3C51ADC818D4BA1C00B3F53F /* Demo-Info.plist */ = {isa = PBXFileReference; lastKnownFileType = text.plist.xml; path = "Demo-Info.plist"; sourceTree = "<group>"; };
		3C51ADCA18D4BA1C00B3F53F /* en */ = {isa = PBXFileReference; lastKnownFileType = text.plist.strings; name = en; path = en.lproj/InfoPlist.strings; sourceTree = "<group>"; };
		3C51ADCC18D4BA1C00B3F53F /* main.m */ = {isa = PBXFileReference; lastKnownFileType = sourcecode.c.objc; path = main.m; sourceTree = "<group>"; };
		3C51ADCE18D4BA1C00B3F53F /* Demo-Prefix.pch */ = {isa = PBXFileReference; lastKnownFileType = sourcecode.c.h; path = "Demo-Prefix.pch"; sourceTree = "<group>"; };
		3C51ADCF18D4BA1C00B3F53F /* ARAppDelegate.h */ = {isa = PBXFileReference; lastKnownFileType = sourcecode.c.h; path = ARAppDelegate.h; sourceTree = "<group>"; };
		3C51ADD018D4BA1C00B3F53F /* ARAppDelegate.m */ = {isa = PBXFileReference; lastKnownFileType = sourcecode.c.objc; path = ARAppDelegate.m; sourceTree = "<group>"; };
		3C51ADD318D4BA1C00B3F53F /* Base */ = {isa = PBXFileReference; lastKnownFileType = file.storyboard; name = Base; path = Base.lproj/Main.storyboard; sourceTree = "<group>"; };
		3C51ADD518D4BA1C00B3F53F /* ARViewController.h */ = {isa = PBXFileReference; lastKnownFileType = sourcecode.c.h; path = ARViewController.h; sourceTree = "<group>"; };
		3C51ADD618D4BA1C00B3F53F /* ARViewController.m */ = {isa = PBXFileReference; lastKnownFileType = sourcecode.c.objc; path = ARViewController.m; sourceTree = "<group>"; };
		3C51ADD818D4BA1C00B3F53F /* Images.xcassets */ = {isa = PBXFileReference; lastKnownFileType = folder.assetcatalog; path = Images.xcassets; sourceTree = "<group>"; };
		3C51ADDE18D4BA1C00B3F53F /* DemoTests.xctest */ = {isa = PBXFileReference; explicitFileType = wrapper.cfbundle; includeInIndex = 0; path = DemoTests.xctest; sourceTree = BUILT_PRODUCTS_DIR; };
		3C51ADDF18D4BA1C00B3F53F /* XCTest.framework */ = {isa = PBXFileReference; lastKnownFileType = wrapper.framework; name = XCTest.framework; path = Library/Frameworks/XCTest.framework; sourceTree = DEVELOPER_DIR; };
		3C51ADE718D4BA1C00B3F53F /* DemoTests-Info.plist */ = {isa = PBXFileReference; lastKnownFileType = text.plist.xml; path = "DemoTests-Info.plist"; sourceTree = "<group>"; };
		3C51ADE918D4BA1C00B3F53F /* en */ = {isa = PBXFileReference; lastKnownFileType = text.plist.strings; name = en; path = en.lproj/InfoPlist.strings; sourceTree = "<group>"; };
		3C51ADF518D4C27300B3F53F /* ARTiledImageTests.m */ = {isa = PBXFileReference; fileEncoding = 4; lastKnownFileType = sourcecode.c.objc; path = ARTiledImageTests.m; sourceTree = "<group>"; };
		3C51ADF718D4C2DA00B3F53F /* DemoTests-Prefix.pch */ = {isa = PBXFileReference; lastKnownFileType = sourcecode.c.h; path = "DemoTests-Prefix.pch"; sourceTree = "<group>"; };
		4470A99B8BDB4EBDAFEC7565 /* Pods-DemoTests.xcconfig */ = {isa = PBXFileReference; includeInIndex = 1; lastKnownFileType = text.xcconfig; name = "Pods-DemoTests.xcconfig"; path = "Pods/Pods-DemoTests.xcconfig"; sourceTree = "<group>"; };
		6D3E67AF14E041F6AED6071A /* libPods-DemoTests.a */ = {isa = PBXFileReference; explicitFileType = archive.ar; includeInIndex = 0; path = "libPods-DemoTests.a"; sourceTree = BUILT_PRODUCTS_DIR; };
		C4885E4BEA464DFEAD0283CB /* Pods.xcconfig */ = {isa = PBXFileReference; includeInIndex = 1; lastKnownFileType = text.xcconfig; name = Pods.xcconfig; path = Pods/Pods.xcconfig; sourceTree = "<group>"; };
		CD1172BC69714C03915FDAF0 /* libPods.a */ = {isa = PBXFileReference; explicitFileType = archive.ar; includeInIndex = 0; path = libPods.a; sourceTree = BUILT_PRODUCTS_DIR; };
/* End PBXFileReference section */

/* Begin PBXFrameworksBuildPhase section */
		3C51ADBA18D4BA1C00B3F53F /* Frameworks */ = {
			isa = PBXFrameworksBuildPhase;
			buildActionMask = 2147483647;
			files = (
				3C51ADC318D4BA1C00B3F53F /* CoreGraphics.framework in Frameworks */,
				3C51ADC518D4BA1C00B3F53F /* UIKit.framework in Frameworks */,
				3C51ADC118D4BA1C00B3F53F /* Foundation.framework in Frameworks */,
				6AC3FCD1C8FF4D899C2EED68 /* libPods.a in Frameworks */,
			);
			runOnlyForDeploymentPostprocessing = 0;
		};
		3C51ADDB18D4BA1C00B3F53F /* Frameworks */ = {
			isa = PBXFrameworksBuildPhase;
			buildActionMask = 2147483647;
			files = (
				3C51ADE018D4BA1C00B3F53F /* XCTest.framework in Frameworks */,
				3C51ADE218D4BA1C00B3F53F /* UIKit.framework in Frameworks */,
				3C51ADE118D4BA1C00B3F53F /* Foundation.framework in Frameworks */,
				7A757C4323204C72A62D10BA /* libPods-DemoTests.a in Frameworks */,
			);
			runOnlyForDeploymentPostprocessing = 0;
		};
/* End PBXFrameworksBuildPhase section */

/* Begin PBXGroup section */
		3C51ADB418D4BA1C00B3F53F = {
			isa = PBXGroup;
			children = (
				3C51ADC618D4BA1C00B3F53F /* Demo */,
				3C51ADE518D4BA1C00B3F53F /* DemoTests */,
				3C51ADBF18D4BA1C00B3F53F /* Frameworks */,
				3C51ADBE18D4BA1C00B3F53F /* Products */,
				C4885E4BEA464DFEAD0283CB /* Pods.xcconfig */,
				4470A99B8BDB4EBDAFEC7565 /* Pods-DemoTests.xcconfig */,
			);
			sourceTree = "<group>";
		};
		3C51ADBE18D4BA1C00B3F53F /* Products */ = {
			isa = PBXGroup;
			children = (
				3C51ADBD18D4BA1C00B3F53F /* Demo.app */,
				3C51ADDE18D4BA1C00B3F53F /* DemoTests.xctest */,
			);
			name = Products;
			sourceTree = "<group>";
		};
		3C51ADBF18D4BA1C00B3F53F /* Frameworks */ = {
			isa = PBXGroup;
			children = (
				3C51ADC018D4BA1C00B3F53F /* Foundation.framework */,
				3C51ADC218D4BA1C00B3F53F /* CoreGraphics.framework */,
				3C51ADC418D4BA1C00B3F53F /* UIKit.framework */,
				3C51ADDF18D4BA1C00B3F53F /* XCTest.framework */,
				CD1172BC69714C03915FDAF0 /* libPods.a */,
				6D3E67AF14E041F6AED6071A /* libPods-DemoTests.a */,
			);
			name = Frameworks;
			sourceTree = "<group>";
		};
		3C51ADC618D4BA1C00B3F53F /* Demo */ = {
			isa = PBXGroup;
			children = (
				3C51ADCF18D4BA1C00B3F53F /* ARAppDelegate.h */,
				3C51ADD018D4BA1C00B3F53F /* ARAppDelegate.m */,
				3C51ADD218D4BA1C00B3F53F /* Main.storyboard */,
				3C51ADD518D4BA1C00B3F53F /* ARViewController.h */,
				3C51ADD618D4BA1C00B3F53F /* ARViewController.m */,
				3C51ADD818D4BA1C00B3F53F /* Images.xcassets */,
				3C51ADC718D4BA1C00B3F53F /* Supporting Files */,
			);
			path = Demo;
			sourceTree = "<group>";
		};
		3C51ADC718D4BA1C00B3F53F /* Supporting Files */ = {
			isa = PBXGroup;
			children = (
				3C51ADC818D4BA1C00B3F53F /* Demo-Info.plist */,
				3C51ADC918D4BA1C00B3F53F /* InfoPlist.strings */,
				3C51ADCC18D4BA1C00B3F53F /* main.m */,
				3C51ADCE18D4BA1C00B3F53F /* Demo-Prefix.pch */,
			);
			name = "Supporting Files";
			sourceTree = "<group>";
		};
		3C51ADE518D4BA1C00B3F53F /* DemoTests */ = {
			isa = PBXGroup;
			children = (
				3C51ADE618D4BA1C00B3F53F /* Supporting Files */,
				3C51ADF518D4C27300B3F53F /* ARTiledImageTests.m */,
			);
			path = DemoTests;
			sourceTree = "<group>";
		};
		3C51ADE618D4BA1C00B3F53F /* Supporting Files */ = {
			isa = PBXGroup;
			children = (
				3C51ADE718D4BA1C00B3F53F /* DemoTests-Info.plist */,
				3C51ADE818D4BA1C00B3F53F /* InfoPlist.strings */,
				3C51ADF718D4C2DA00B3F53F /* DemoTests-Prefix.pch */,
			);
			name = "Supporting Files";
			sourceTree = "<group>";
		};
/* End PBXGroup section */

/* Begin PBXNativeTarget section */
		3C51ADBC18D4BA1C00B3F53F /* Demo */ = {
			isa = PBXNativeTarget;
			buildConfigurationList = 3C51ADEF18D4BA1C00B3F53F /* Build configuration list for PBXNativeTarget "Demo" */;
			buildPhases = (
				EB52B37955F241F6B35B1109 /* Check Pods Manifest.lock */,
				3C51ADB918D4BA1C00B3F53F /* Sources */,
				3C51ADBA18D4BA1C00B3F53F /* Frameworks */,
				3C51ADBB18D4BA1C00B3F53F /* Resources */,
				6DB0BFACB136443FB71F520E /* Copy Pods Resources */,
			);
			buildRules = (
			);
			dependencies = (
			);
			name = Demo;
			productName = Demo;
			productReference = 3C51ADBD18D4BA1C00B3F53F /* Demo.app */;
			productType = "com.apple.product-type.application";
		};
		3C51ADDD18D4BA1C00B3F53F /* DemoTests */ = {
			isa = PBXNativeTarget;
			buildConfigurationList = 3C51ADF218D4BA1C00B3F53F /* Build configuration list for PBXNativeTarget "DemoTests" */;
			buildPhases = (
				E7563930E00545C3AF3EB28F /* Check Pods Manifest.lock */,
				3C51ADDA18D4BA1C00B3F53F /* Sources */,
				3C51ADDB18D4BA1C00B3F53F /* Frameworks */,
				3C51ADDC18D4BA1C00B3F53F /* Resources */,
				D7644258CB574375BD10C444 /* Copy Pods Resources */,
			);
			buildRules = (
			);
			dependencies = (
				3C51ADE418D4BA1C00B3F53F /* PBXTargetDependency */,
			);
			name = DemoTests;
			productName = DemoTests;
			productReference = 3C51ADDE18D4BA1C00B3F53F /* DemoTests.xctest */;
			productType = "com.apple.product-type.bundle.unit-test";
		};
/* End PBXNativeTarget section */

/* Begin PBXProject section */
		3C51ADB518D4BA1C00B3F53F /* Project object */ = {
			isa = PBXProject;
			attributes = {
				CLASSPREFIX = AR;
				LastUpgradeCheck = 0500;
				ORGANIZATIONNAME = Artsy;
				TargetAttributes = {
					3C51ADDD18D4BA1C00B3F53F = {
						TestTargetID = 3C51ADBC18D4BA1C00B3F53F;
					};
				};
			};
			buildConfigurationList = 3C51ADB818D4BA1C00B3F53F /* Build configuration list for PBXProject "Demo" */;
			compatibilityVersion = "Xcode 3.2";
			developmentRegion = English;
			hasScannedForEncodings = 0;
			knownRegions = (
				en,
				Base,
			);
			mainGroup = 3C51ADB418D4BA1C00B3F53F;
			productRefGroup = 3C51ADBE18D4BA1C00B3F53F /* Products */;
			projectDirPath = "";
			projectRoot = "";
			targets = (
				3C51ADBC18D4BA1C00B3F53F /* Demo */,
				3C51ADDD18D4BA1C00B3F53F /* DemoTests */,
			);
		};
/* End PBXProject section */

/* Begin PBXResourcesBuildPhase section */
		3C51ADBB18D4BA1C00B3F53F /* Resources */ = {
			isa = PBXResourcesBuildPhase;
			buildActionMask = 2147483647;
			files = (
				3C51ADD918D4BA1C00B3F53F /* Images.xcassets in Resources */,
				3C51ADCB18D4BA1C00B3F53F /* InfoPlist.strings in Resources */,
				3C51ADD418D4BA1C00B3F53F /* Main.storyboard in Resources */,
			);
			runOnlyForDeploymentPostprocessing = 0;
		};
		3C51ADDC18D4BA1C00B3F53F /* Resources */ = {
			isa = PBXResourcesBuildPhase;
			buildActionMask = 2147483647;
			files = (
				3C51ADEA18D4BA1C00B3F53F /* InfoPlist.strings in Resources */,
			);
			runOnlyForDeploymentPostprocessing = 0;
		};
/* End PBXResourcesBuildPhase section */

/* Begin PBXShellScriptBuildPhase section */
		6DB0BFACB136443FB71F520E /* Copy Pods Resources */ = {
			isa = PBXShellScriptBuildPhase;
			buildActionMask = 2147483647;
			files = (
			);
			inputPaths = (
			);
			name = "Copy Pods Resources";
			outputPaths = (
			);
			runOnlyForDeploymentPostprocessing = 0;
			shellPath = /bin/sh;
			shellScript = "\"${SRCROOT}/Pods/Pods-resources.sh\"\n";
			showEnvVarsInLog = 0;
		};
		D7644258CB574375BD10C444 /* Copy Pods Resources */ = {
			isa = PBXShellScriptBuildPhase;
			buildActionMask = 2147483647;
			files = (
			);
			inputPaths = (
			);
			name = "Copy Pods Resources";
			outputPaths = (
			);
			runOnlyForDeploymentPostprocessing = 0;
			shellPath = /bin/sh;
			shellScript = "\"${SRCROOT}/Pods/Pods-DemoTests-resources.sh\"\n";
			showEnvVarsInLog = 0;
		};
		E7563930E00545C3AF3EB28F /* Check Pods Manifest.lock */ = {
			isa = PBXShellScriptBuildPhase;
			buildActionMask = 2147483647;
			files = (
			);
			inputPaths = (
			);
			name = "Check Pods Manifest.lock";
			outputPaths = (
			);
			runOnlyForDeploymentPostprocessing = 0;
			shellPath = /bin/sh;
			shellScript = "diff \"${PODS_ROOT}/../Podfile.lock\" \"${PODS_ROOT}/Manifest.lock\" > /dev/null\nif [[ $? != 0 ]] ; then\n    cat << EOM\nerror: The sandbox is not in sync with the Podfile.lock. Run 'pod install' or update your CocoaPods installation.\nEOM\n    exit 1\nfi\n";
			showEnvVarsInLog = 0;
		};
		EB52B37955F241F6B35B1109 /* Check Pods Manifest.lock */ = {
			isa = PBXShellScriptBuildPhase;
			buildActionMask = 2147483647;
			files = (
			);
			inputPaths = (
			);
			name = "Check Pods Manifest.lock";
			outputPaths = (
			);
			runOnlyForDeploymentPostprocessing = 0;
			shellPath = /bin/sh;
			shellScript = "diff \"${PODS_ROOT}/../Podfile.lock\" \"${PODS_ROOT}/Manifest.lock\" > /dev/null\nif [[ $? != 0 ]] ; then\n    cat << EOM\nerror: The sandbox is not in sync with the Podfile.lock. Run 'pod install' or update your CocoaPods installation.\nEOM\n    exit 1\nfi\n";
			showEnvVarsInLog = 0;
		};
/* End PBXShellScriptBuildPhase section */

/* Begin PBXSourcesBuildPhase section */
		3C51ADB918D4BA1C00B3F53F /* Sources */ = {
			isa = PBXSourcesBuildPhase;
			buildActionMask = 2147483647;
			files = (
				3C51ADCD18D4BA1C00B3F53F /* main.m in Sources */,
				3C51ADD718D4BA1C00B3F53F /* ARViewController.m in Sources */,
				3C51ADD118D4BA1C00B3F53F /* ARAppDelegate.m in Sources */,
			);
			runOnlyForDeploymentPostprocessing = 0;
		};
		3C51ADDA18D4BA1C00B3F53F /* Sources */ = {
			isa = PBXSourcesBuildPhase;
			buildActionMask = 2147483647;
			files = (
				3C51ADF618D4C27300B3F53F /* ARTiledImageTests.m in Sources */,
			);
			runOnlyForDeploymentPostprocessing = 0;
		};
/* End PBXSourcesBuildPhase section */

/* Begin PBXTargetDependency section */
		3C51ADE418D4BA1C00B3F53F /* PBXTargetDependency */ = {
			isa = PBXTargetDependency;
			target = 3C51ADBC18D4BA1C00B3F53F /* Demo */;
			targetProxy = 3C51ADE318D4BA1C00B3F53F /* PBXContainerItemProxy */;
		};
/* End PBXTargetDependency section */

/* Begin PBXVariantGroup section */
		3C51ADC918D4BA1C00B3F53F /* InfoPlist.strings */ = {
			isa = PBXVariantGroup;
			children = (
				3C51ADCA18D4BA1C00B3F53F /* en */,
			);
			name = InfoPlist.strings;
			sourceTree = "<group>";
		};
		3C51ADD218D4BA1C00B3F53F /* Main.storyboard */ = {
			isa = PBXVariantGroup;
			children = (
				3C51ADD318D4BA1C00B3F53F /* Base */,
			);
			name = Main.storyboard;
			sourceTree = "<group>";
		};
		3C51ADE818D4BA1C00B3F53F /* InfoPlist.strings */ = {
			isa = PBXVariantGroup;
			children = (
				3C51ADE918D4BA1C00B3F53F /* en */,
			);
			name = InfoPlist.strings;
			sourceTree = "<group>";
		};
/* End PBXVariantGroup section */

/* Begin XCBuildConfiguration section */
		3C51ADED18D4BA1C00B3F53F /* Debug */ = {
			isa = XCBuildConfiguration;
			buildSettings = {
				ALWAYS_SEARCH_USER_PATHS = NO;
				ARCHS = "$(ARCHS_STANDARD_INCLUDING_64_BIT)";
				CLANG_CXX_LANGUAGE_STANDARD = "gnu++0x";
				CLANG_CXX_LIBRARY = "libc++";
				CLANG_ENABLE_MODULES = YES;
				CLANG_ENABLE_OBJC_ARC = YES;
				CLANG_WARN_BOOL_CONVERSION = YES;
				CLANG_WARN_CONSTANT_CONVERSION = YES;
				CLANG_WARN_DIRECT_OBJC_ISA_USAGE = YES_ERROR;
				CLANG_WARN_EMPTY_BODY = YES;
				CLANG_WARN_ENUM_CONVERSION = YES;
				CLANG_WARN_INT_CONVERSION = YES;
				CLANG_WARN_OBJC_ROOT_CLASS = YES_ERROR;
				CLANG_WARN__DUPLICATE_METHOD_MATCH = YES;
				"CODE_SIGN_IDENTITY[sdk=iphoneos*]" = "iPhone Developer";
				COPY_PHASE_STRIP = NO;
				GCC_C_LANGUAGE_STANDARD = gnu99;
				GCC_DYNAMIC_NO_PIC = NO;
				GCC_OPTIMIZATION_LEVEL = 0;
				GCC_PREPROCESSOR_DEFINITIONS = (
					"DEBUG=1",
					"$(inherited)",
				);
				GCC_SYMBOLS_PRIVATE_EXTERN = NO;
				GCC_WARN_64_TO_32_BIT_CONVERSION = YES;
				GCC_WARN_ABOUT_RETURN_TYPE = YES_ERROR;
				GCC_WARN_UNDECLARED_SELECTOR = YES;
				GCC_WARN_UNINITIALIZED_AUTOS = YES;
				GCC_WARN_UNUSED_FUNCTION = YES;
				GCC_WARN_UNUSED_VARIABLE = YES;
				IPHONEOS_DEPLOYMENT_TARGET = 7.0;
				ONLY_ACTIVE_ARCH = YES;
				SDKROOT = iphoneos;
			};
			name = Debug;
		};
		3C51ADEE18D4BA1C00B3F53F /* Release */ = {
			isa = XCBuildConfiguration;
			buildSettings = {
				ALWAYS_SEARCH_USER_PATHS = NO;
				ARCHS = "$(ARCHS_STANDARD_INCLUDING_64_BIT)";
				CLANG_CXX_LANGUAGE_STANDARD = "gnu++0x";
				CLANG_CXX_LIBRARY = "libc++";
				CLANG_ENABLE_MODULES = YES;
				CLANG_ENABLE_OBJC_ARC = YES;
				CLANG_WARN_BOOL_CONVERSION = YES;
				CLANG_WARN_CONSTANT_CONVERSION = YES;
				CLANG_WARN_DIRECT_OBJC_ISA_USAGE = YES_ERROR;
				CLANG_WARN_EMPTY_BODY = YES;
				CLANG_WARN_ENUM_CONVERSION = YES;
				CLANG_WARN_INT_CONVERSION = YES;
				CLANG_WARN_OBJC_ROOT_CLASS = YES_ERROR;
				CLANG_WARN__DUPLICATE_METHOD_MATCH = YES;
				"CODE_SIGN_IDENTITY[sdk=iphoneos*]" = "iPhone Developer";
				COPY_PHASE_STRIP = YES;
				ENABLE_NS_ASSERTIONS = NO;
				GCC_C_LANGUAGE_STANDARD = gnu99;
				GCC_WARN_64_TO_32_BIT_CONVERSION = YES;
				GCC_WARN_ABOUT_RETURN_TYPE = YES_ERROR;
				GCC_WARN_UNDECLARED_SELECTOR = YES;
				GCC_WARN_UNINITIALIZED_AUTOS = YES;
				GCC_WARN_UNUSED_FUNCTION = YES;
				GCC_WARN_UNUSED_VARIABLE = YES;
				IPHONEOS_DEPLOYMENT_TARGET = 7.0;
				SDKROOT = iphoneos;
				VALIDATE_PRODUCT = YES;
			};
			name = Release;
		};
		3C51ADF018D4BA1C00B3F53F /* Debug */ = {
			isa = XCBuildConfiguration;
			baseConfigurationReference = C4885E4BEA464DFEAD0283CB /* Pods.xcconfig */;
			buildSettings = {
				ASSETCATALOG_COMPILER_APPICON_NAME = AppIcon;
				ASSETCATALOG_COMPILER_LAUNCHIMAGE_NAME = LaunchImage;
				GCC_PRECOMPILE_PREFIX_HEADER = YES;
				GCC_PREFIX_HEADER = "Demo/Demo-Prefix.pch";
				INFOPLIST_FILE = "Demo/Demo-Info.plist";
				PRODUCT_NAME = "$(TARGET_NAME)";
				WRAPPER_EXTENSION = app;
			};
			name = Debug;
		};
		3C51ADF118D4BA1C00B3F53F /* Release */ = {
			isa = XCBuildConfiguration;
			baseConfigurationReference = C4885E4BEA464DFEAD0283CB /* Pods.xcconfig */;
			buildSettings = {
				ASSETCATALOG_COMPILER_APPICON_NAME = AppIcon;
				ASSETCATALOG_COMPILER_LAUNCHIMAGE_NAME = LaunchImage;
				GCC_PRECOMPILE_PREFIX_HEADER = YES;
				GCC_PREFIX_HEADER = "Demo/Demo-Prefix.pch";
				INFOPLIST_FILE = "Demo/Demo-Info.plist";
				PRODUCT_NAME = "$(TARGET_NAME)";
				WRAPPER_EXTENSION = app;
			};
			name = Release;
		};
		3C51ADF318D4BA1C00B3F53F /* Debug */ = {
			isa = XCBuildConfiguration;
			baseConfigurationReference = 4470A99B8BDB4EBDAFEC7565 /* Pods-DemoTests.xcconfig */;
			buildSettings = {
				ARCHS = "$(ARCHS_STANDARD_INCLUDING_64_BIT)";
				BUNDLE_LOADER = "$(BUILT_PRODUCTS_DIR)/Demo.app/Demo";
				FRAMEWORK_SEARCH_PATHS = (
					"$(SDKROOT)/Developer/Library/Frameworks",
					"$(inherited)",
					"$(DEVELOPER_FRAMEWORKS_DIR)",
				);
				GCC_PRECOMPILE_PREFIX_HEADER = YES;
				GCC_PREFIX_HEADER = "DemoTests/DemoTests-Prefix.pch";
				GCC_PREPROCESSOR_DEFINITIONS = (
					"DEBUG=1",
					"$(inherited)",
				);
				INFOPLIST_FILE = "DemoTests/DemoTests-Info.plist";
				PRODUCT_NAME = "$(TARGET_NAME)";
				TEST_HOST = "$(BUNDLE_LOADER)";
				WRAPPER_EXTENSION = xctest;
			};
			name = Debug;
		};
		3C51ADF418D4BA1C00B3F53F /* Release */ = {
			isa = XCBuildConfiguration;
			baseConfigurationReference = 4470A99B8BDB4EBDAFEC7565 /* Pods-DemoTests.xcconfig */;
			buildSettings = {
				ARCHS = "$(ARCHS_STANDARD_INCLUDING_64_BIT)";
				BUNDLE_LOADER = "$(BUILT_PRODUCTS_DIR)/Demo.app/Demo";
				FRAMEWORK_SEARCH_PATHS = (
					"$(SDKROOT)/Developer/Library/Frameworks",
					"$(inherited)",
					"$(DEVELOPER_FRAMEWORKS_DIR)",
				);
				GCC_PRECOMPILE_PREFIX_HEADER = YES;
				GCC_PREFIX_HEADER = "DemoTests/DemoTests-Prefix.pch";
				INFOPLIST_FILE = "DemoTests/DemoTests-Info.plist";
				PRODUCT_NAME = "$(TARGET_NAME)";
				TEST_HOST = "$(BUNDLE_LOADER)";
				WRAPPER_EXTENSION = xctest;
			};
			name = Release;
		};
/* End XCBuildConfiguration section */

/* Begin XCConfigurationList section */
		3C51ADB818D4BA1C00B3F53F /* Build configuration list for PBXProject "Demo" */ = {
			isa = XCConfigurationList;
			buildConfigurations = (
				3C51ADED18D4BA1C00B3F53F /* Debug */,
				3C51ADEE18D4BA1C00B3F53F /* Release */,
			);
			defaultConfigurationIsVisible = 0;
			defaultConfigurationName = Release;
		};
		3C51ADEF18D4BA1C00B3F53F /* Build configuration list for PBXNativeTarget "Demo" */ = {
			isa = XCConfigurationList;
			buildConfigurations = (
				3C51ADF018D4BA1C00B3F53F /* Debug */,
				3C51ADF118D4BA1C00B3F53F /* Release */,
			);
			defaultConfigurationIsVisible = 0;
			defaultConfigurationName = Release;
		};
		3C51ADF218D4BA1C00B3F53F /* Build configuration list for PBXNativeTarget "DemoTests" */ = {
			isa = XCConfigurationList;
			buildConfigurations = (
				3C51ADF318D4BA1C00B3F53F /* Debug */,
				3C51ADF418D4BA1C00B3F53F /* Release */,
			);
			defaultConfigurationIsVisible = 0;
			defaultConfigurationName = Release;
		};
/* End XCConfigurationList section */
	};
	rootObject = 3C51ADB518D4BA1C00B3F53F /* Project object */;
}
